
Microsoft Visual Studio Solution File, Format Version 12.00
# Visual Studio Version 16
VisualStudioVersion = 16.0.32228.343
MinimumVisualStudioVersion = 10.0.40219.1
Project("{FAE04EC0-301F-11D3-BF4B-00C04F79EFBC}") = "Questionnaire", "Questionnaire\Questionnaire.csproj", "{6D36CD4A-A56E-4497-B57F-7DABCB46C15A}"
EndProject
Global
	GlobalSection(SolutionConfigurationPlatforms) = preSolution
		Debug|Any CPU = Debug|Any CPU
		Release|Any CPU = Release|Any CPU
	EndGlobalSection
	GlobalSection(ProjectConfigurationPlatforms) = postSolution
		{6D36CD4A-A56E-4497-B57F-7DABCB46C15A}.Debug|Any CPU.ActiveCfg = Debug|Any CPU
		{6D36CD4A-A56E-4497-B57F-7DABCB46C15A}.Debug|Any CPU.Build.0 = Debug|Any CPU
		{6D36CD4A-A56E-4497-B57F-7DABCB46C15A}.Release|Any CPU.ActiveCfg = Release|Any CPU
		{6D36CD4A-A56E-4497-B57F-7DABCB46C15A}.Release|Any CPU.Build.0 = Release|Any CPU
	EndGlobalSection
	GlobalSection(SolutionProperties) = preSolution
		HideSolutionNode = FALSE
	EndGlobalSection
	GlobalSection(ExtensibilityGlobals) = postSolution
		SolutionGuid = {C6C05705-8FBE-47D5-AA30-4ECEB12161E0}
	EndGlobalSection
EndGlobal
